
Microsoft Visual Studio Solution File, Format Version 12.00
# Visual Studio Version 17
VisualStudioVersion = 17.10.34928.147
MinimumVisualStudioVersion = 10.0.40219.1
Project("{FAE04EC0-301F-11D3-BF4B-00C04F79EFBC}") = "WEBPtoJPG", "WEBPtoJPG\WEBPtoJPG.csproj", "{95CAA529-1454-47A4-BB91-F2E9FB0FE287}"
EndProject
Global
	GlobalSection(SolutionConfigurationPlatforms) = preSolution
		Debug|Any CPU = Debug|Any CPU
		Release|Any CPU = Release|Any CPU
	EndGlobalSection
	GlobalSection(ProjectConfigurationPlatforms) = postSolution
		{95CAA529-1454-47A4-BB91-F2E9FB0FE287}.Debug|Any CPU.ActiveCfg = Debug|Any CPU
		{95CAA529-1454-47A4-BB91-F2E9FB0FE287}.Debug|Any CPU.Build.0 = Debug|Any CPU
		{95CAA529-1454-47A4-BB91-F2E9FB0FE287}.Release|Any CPU.ActiveCfg = Release|Any CPU
		{95CAA529-1454-47A4-BB91-F2E9FB0FE287}.Release|Any CPU.Build.0 = Release|Any CPU
	EndGlobalSection
	GlobalSection(SolutionProperties) = preSolution
		HideSolutionNode = FALSE
	EndGlobalSection
	GlobalSection(ExtensibilityGlobals) = postSolution
		SolutionGuid = {FEEA9A5D-17A6-470E-9ED4-32042371D235}
	EndGlobalSection
EndGlobal
